// !$*UTF8*$!
{
	archiveVersion = 1;
	classes = {
	};
	objectVersion = 46;
	objects = {

/* Begin PBXBuildFile section */
		A83DCDC116C336B800940ACB /* paper_fibers@2x.png in Resources */ = {isa = PBXBuildFile; fileRef = A83DCDBD16C336B800940ACB /* paper_fibers@2x.png */; };
		A83DCDC316C3378600940ACB /* paper_fibers.png in Resources */ = {isa = PBXBuildFile; fileRef = A83DCDC216C3378600940ACB /* paper_fibers.png */; };
		A891F6B816C3138200107F55 /* UIKit.framework in Frameworks */ = {isa = PBXBuildFile; fileRef = A891F6B716C3138200107F55 /* UIKit.framework */; };
		A891F6BA16C3138200107F55 /* Foundation.framework in Frameworks */ = {isa = PBXBuildFile; fileRef = A891F6B916C3138200107F55 /* Foundation.framework */; };
		A891F6BC16C3138200107F55 /* CoreGraphics.framework in Frameworks */ = {isa = PBXBuildFile; fileRef = A891F6BB16C3138200107F55 /* CoreGraphics.framework */; };
		A891F6C216C3138200107F55 /* InfoPlist.strings in Resources */ = {isa = PBXBuildFile; fileRef = A891F6C016C3138200107F55 /* InfoPlist.strings */; };
		A891F6C416C3138200107F55 /* main.m in Sources */ = {isa = PBXBuildFile; fileRef = A891F6C316C3138200107F55 /* main.m */; };
		A891F6C816C3138200107F55 /* AppDelegate.m in Sources */ = {isa = PBXBuildFile; fileRef = A891F6C716C3138200107F55 /* AppDelegate.m */; };
		A891F6CA16C3138200107F55 /* Default.png in Resources */ = {isa = PBXBuildFile; fileRef = A891F6C916C3138200107F55 /* Default.png */; };
		A891F6CC16C3138300107F55 /* Default@2x.png in Resources */ = {isa = PBXBuildFile; fileRef = A891F6CB16C3138200107F55 /* Default@2x.png */; };
		A891F6CE16C3138300107F55 /* Default-568h@2x.png in Resources */ = {isa = PBXBuildFile; fileRef = A891F6CD16C3138300107F55 /* Default-568h@2x.png */; };
		A891F6D116C3138300107F55 /* MainStoryboard_iPhone.storyboard in Resources */ = {isa = PBXBuildFile; fileRef = A891F6CF16C3138300107F55 /* MainStoryboard_iPhone.storyboard */; };
		A891F6D416C3138300107F55 /* MainStoryboard_iPad.storyboard in Resources */ = {isa = PBXBuildFile; fileRef = A891F6D216C3138300107F55 /* MainStoryboard_iPad.storyboard */; };
		A891F6D716C3138300107F55 /* ViewController.m in Sources */ = {isa = PBXBuildFile; fileRef = A891F6D616C3138300107F55 /* ViewController.m */; };
		A891F6EA16C315DC00107F55 /* feed.plist in Resources */ = {isa = PBXBuildFile; fileRef = A891F6E916C315DC00107F55 /* feed.plist */; };
		A891F6FA16C3191400107F55 /* StatusTableViewCell.m in Sources */ = {isa = PBXBuildFile; fileRef = A891F6F916C3191400107F55 /* StatusTableViewCell.m */; };
		A891F6FC16C319B000107F55 /* StatusTableViewCell.xib in Resources */ = {isa = PBXBuildFile; fileRef = A891F6FB16C319B000107F55 /* StatusTableViewCell.xib */; };
		A891F72B16C31F7A00107F55 /* ImageIO.framework in Frameworks */ = {isa = PBXBuildFile; fileRef = A891F72A16C31F7A00107F55 /* ImageIO.framework */; };
		A891F75316C3207500107F55 /* MKAnnotationView+WebCache.m in Sources */ = {isa = PBXBuildFile; fileRef = A891F73F16C3207500107F55 /* MKAnnotationView+WebCache.m */; };
		A891F75416C3207500107F55 /* SDImageCache.m in Sources */ = {isa = PBXBuildFile; fileRef = A891F74116C3207500107F55 /* SDImageCache.m */; };
		A891F75516C3207500107F55 /* SDWebImageCompat.m in Sources */ = {isa = PBXBuildFile; fileRef = A891F74316C3207500107F55 /* SDWebImageCompat.m */; };
		A891F75616C3207500107F55 /* SDWebImageDecoder.m in Sources */ = {isa = PBXBuildFile; fileRef = A891F74516C3207500107F55 /* SDWebImageDecoder.m */; };
		A891F75716C3207500107F55 /* SDWebImageDownloader.m in Sources */ = {isa = PBXBuildFile; fileRef = A891F74716C3207500107F55 /* SDWebImageDownloader.m */; };
		A891F75816C3207500107F55 /* SDWebImageDownloaderOperation.m in Sources */ = {isa = PBXBuildFile; fileRef = A891F74916C3207500107F55 /* SDWebImageDownloaderOperation.m */; };
		A891F75916C3207500107F55 /* SDWebImageManager.m in Sources */ = {isa = PBXBuildFile; fileRef = A891F74B16C3207500107F55 /* SDWebImageManager.m */; };
		A891F75A16C3207500107F55 /* SDWebImagePrefetcher.m in Sources */ = {isa = PBXBuildFile; fileRef = A891F74E16C3207500107F55 /* SDWebImagePrefetcher.m */; };
		A891F75B16C3207500107F55 /* UIButton+WebCache.m in Sources */ = {isa = PBXBuildFile; fileRef = A891F75016C3207500107F55 /* UIButton+WebCache.m */; };
		A891F75C16C3207500107F55 /* UIImageView+WebCache.m in Sources */ = {isa = PBXBuildFile; fileRef = A891F75216C3207500107F55 /* UIImageView+WebCache.m */; };
		A891F75E16C320A100107F55 /* MapKit.framework in Frameworks */ = {isa = PBXBuildFile; fileRef = A891F75D16C320A100107F55 /* MapKit.framework */; };
/* End PBXBuildFile section */

/* Begin PBXFileReference section */
		A83DCDBD16C336B800940ACB /* paper_fibers@2x.png */ = {isa = PBXFileReference; lastKnownFileType = image.png; path = "paper_fibers@2x.png"; sourceTree = "<group>"; };
		A83DCDC216C3378600940ACB /* paper_fibers.png */ = {isa = PBXFileReference; lastKnownFileType = image.png; path = paper_fibers.png; sourceTree = "<group>"; };
		A891F6B416C3138200107F55 /* CocoaheadsScrollingDemo.app */ = {isa = PBXFileReference; explicitFileType = wrapper.application; includeInIndex = 0; path = CocoaheadsScrollingDemo.app; sourceTree = BUILT_PRODUCTS_DIR; };
		A891F6B716C3138200107F55 /* UIKit.framework */ = {isa = PBXFileReference; lastKnownFileType = wrapper.framework; name = UIKit.framework; path = System/Library/Frameworks/UIKit.framework; sourceTree = SDKROOT; };
		A891F6B916C3138200107F55 /* Foundation.framework */ = {isa = PBXFileReference; lastKnownFileType = wrapper.framework; name = Foundation.framework; path = System/Library/Frameworks/Foundation.framework; sourceTree = SDKROOT; };
		A891F6BB16C3138200107F55 /* CoreGraphics.framework */ = {isa = PBXFileReference; lastKnownFileType = wrapper.framework; name = CoreGraphics.framework; path = System/Library/Frameworks/CoreGraphics.framework; sourceTree = SDKROOT; };
		A891F6BF16C3138200107F55 /* CocoaheadsScrollingDemo-Info.plist */ = {isa = PBXFileReference; lastKnownFileType = text.plist.xml; path = "CocoaheadsScrollingDemo-Info.plist"; sourceTree = "<group>"; };
		A891F6C116C3138200107F55 /* en */ = {isa = PBXFileReference; lastKnownFileType = text.plist.strings; name = en; path = en.lproj/InfoPlist.strings; sourceTree = "<group>"; };
		A891F6C316C3138200107F55 /* main.m */ = {isa = PBXFileReference; lastKnownFileType = sourcecode.c.objc; path = main.m; sourceTree = "<group>"; };
		A891F6C516C3138200107F55 /* CocoaheadsScrollingDemo-Prefix.pch */ = {isa = PBXFileReference; lastKnownFileType = sourcecode.c.h; path = "CocoaheadsScrollingDemo-Prefix.pch"; sourceTree = "<group>"; };
		A891F6C616C3138200107F55 /* AppDelegate.h */ = {isa = PBXFileReference; lastKnownFileType = sourcecode.c.h; path = AppDelegate.h; sourceTree = "<group>"; };
		A891F6C716C3138200107F55 /* AppDelegate.m */ = {isa = PBXFileReference; lastKnownFileType = sourcecode.c.objc; path = AppDelegate.m; sourceTree = "<group>"; };
		A891F6C916C3138200107F55 /* Default.png */ = {isa = PBXFileReference; lastKnownFileType = image.png; path = Default.png; sourceTree = "<group>"; };
		A891F6CB16C3138200107F55 /* Default@2x.png */ = {isa = PBXFileReference; lastKnownFileType = image.png; path = "Default@2x.png"; sourceTree = "<group>"; };
		A891F6CD16C3138300107F55 /* Default-568h@2x.png */ = {isa = PBXFileReference; lastKnownFileType = image.png; path = "Default-568h@2x.png"; sourceTree = "<group>"; };
		A891F6D016C3138300107F55 /* en */ = {isa = PBXFileReference; lastKnownFileType = file.storyboard; name = en; path = en.lproj/MainStoryboard_iPhone.storyboard; sourceTree = "<group>"; };
		A891F6D316C3138300107F55 /* en */ = {isa = PBXFileReference; lastKnownFileType = file.storyboard; name = en; path = en.lproj/MainStoryboard_iPad.storyboard; sourceTree = "<group>"; };
		A891F6D516C3138300107F55 /* ViewController.h */ = {isa = PBXFileReference; lastKnownFileType = sourcecode.c.h; path = ViewController.h; sourceTree = "<group>"; };
		A891F6D616C3138300107F55 /* ViewController.m */ = {isa = PBXFileReference; lastKnownFileType = sourcecode.c.objc; path = ViewController.m; sourceTree = "<group>"; };
		A891F6E916C315DC00107F55 /* feed.plist */ = {isa = PBXFileReference; fileEncoding = 4; lastKnownFileType = text.plist.xml; path = feed.plist; sourceTree = "<group>"; };
		A891F6F816C3191400107F55 /* StatusTableViewCell.h */ = {isa = PBXFileReference; fileEncoding = 4; lastKnownFileType = sourcecode.c.h; path = StatusTableViewCell.h; sourceTree = "<group>"; };
		A891F6F916C3191400107F55 /* StatusTableViewCell.m */ = {isa = PBXFileReference; fileEncoding = 4; lastKnownFileType = sourcecode.c.objc; path = StatusTableViewCell.m; sourceTree = "<group>"; };
		A891F6FB16C319B000107F55 /* StatusTableViewCell.xib */ = {isa = PBXFileReference; fileEncoding = 4; lastKnownFileType = file.xib; path = StatusTableViewCell.xib; sourceTree = "<group>"; };
		A891F72A16C31F7A00107F55 /* ImageIO.framework */ = {isa = PBXFileReference; lastKnownFileType = wrapper.framework; name = ImageIO.framework; path = System/Library/Frameworks/ImageIO.framework; sourceTree = SDKROOT; };
		A891F73E16C3207500107F55 /* MKAnnotationView+WebCache.h */ = {isa = PBXFileReference; fileEncoding = 4; lastKnownFileType = sourcecode.c.h; path = "MKAnnotationView+WebCache.h"; sourceTree = "<group>"; };
		A891F73F16C3207500107F55 /* MKAnnotationView+WebCache.m */ = {isa = PBXFileReference; fileEncoding = 4; lastKnownFileType = sourcecode.c.objc; path = "MKAnnotationView+WebCache.m"; sourceTree = "<group>"; };
		A891F74016C3207500107F55 /* SDImageCache.h */ = {isa = PBXFileReference; fileEncoding = 4; lastKnownFileType = sourcecode.c.h; path = SDImageCache.h; sourceTree = "<group>"; };
		A891F74116C3207500107F55 /* SDImageCache.m */ = {isa = PBXFileReference; fileEncoding = 4; lastKnownFileType = sourcecode.c.objc; path = SDImageCache.m; sourceTree = "<group>"; };
		A891F74216C3207500107F55 /* SDWebImageCompat.h */ = {isa = PBXFileReference; fileEncoding = 4; lastKnownFileType = sourcecode.c.h; path = SDWebImageCompat.h; sourceTree = "<group>"; };
		A891F74316C3207500107F55 /* SDWebImageCompat.m */ = {isa = PBXFileReference; fileEncoding = 4; lastKnownFileType = sourcecode.c.objc; path = SDWebImageCompat.m; sourceTree = "<group>"; };
		A891F74416C3207500107F55 /* SDWebImageDecoder.h */ = {isa = PBXFileReference; fileEncoding = 4; lastKnownFileType = sourcecode.c.h; path = SDWebImageDecoder.h; sourceTree = "<group>"; };
		A891F74516C3207500107F55 /* SDWebImageDecoder.m */ = {isa = PBXFileReference; fileEncoding = 4; lastKnownFileType = sourcecode.c.objc; path = SDWebImageDecoder.m; sourceTree = "<group>"; };
		A891F74616C3207500107F55 /* SDWebImageDownloader.h */ = {isa = PBXFileReference; fileEncoding = 4; lastKnownFileType = sourcecode.c.h; path = SDWebImageDownloader.h; sourceTree = "<group>"; };
		A891F74716C3207500107F55 /* SDWebImageDownloader.m */ = {isa = PBXFileReference; fileEncoding = 4; lastKnownFileType = sourcecode.c.objc; path = SDWebImageDownloader.m; sourceTree = "<group>"; };
		A891F74816C3207500107F55 /* SDWebImageDownloaderOperation.h */ = {isa = PBXFileReference; fileEncoding = 4; lastKnownFileType = sourcecode.c.h; path = SDWebImageDownloaderOperation.h; sourceTree = "<group>"; };
		A891F74916C3207500107F55 /* SDWebImageDownloaderOperation.m */ = {isa = PBXFileReference; fileEncoding = 4; lastKnownFileType = sourcecode.c.objc; path = SDWebImageDownloaderOperation.m; sourceTree = "<group>"; };
		A891F74A16C3207500107F55 /* SDWebImageManager.h */ = {isa = PBXFileReference; fileEncoding = 4; lastKnownFileType = sourcecode.c.h; path = SDWebImageManager.h; sourceTree = "<group>"; };
		A891F74B16C3207500107F55 /* SDWebImageManager.m */ = {isa = PBXFileReference; fileEncoding = 4; lastKnownFileType = sourcecode.c.objc; path = SDWebImageManager.m; sourceTree = "<group>"; };
		A891F74C16C3207500107F55 /* SDWebImageOperation.h */ = {isa = PBXFileReference; fileEncoding = 4; lastKnownFileType = sourcecode.c.h; path = SDWebImageOperation.h; sourceTree = "<group>"; };
		A891F74D16C3207500107F55 /* SDWebImagePrefetcher.h */ = {isa = PBXFileReference; fileEncoding = 4; lastKnownFileType = sourcecode.c.h; path = SDWebImagePrefetcher.h; sourceTree = "<group>"; };
		A891F74E16C3207500107F55 /* SDWebImagePrefetcher.m */ = {isa = PBXFileReference; fileEncoding = 4; lastKnownFileType = sourcecode.c.objc; path = SDWebImagePrefetcher.m; sourceTree = "<group>"; };
		A891F74F16C3207500107F55 /* UIButton+WebCache.h */ = {isa = PBXFileReference; fileEncoding = 4; lastKnownFileType = sourcecode.c.h; path = "UIButton+WebCache.h"; sourceTree = "<group>"; };
		A891F75016C3207500107F55 /* UIButton+WebCache.m */ = {isa = PBXFileReference; fileEncoding = 4; lastKnownFileType = sourcecode.c.objc; path = "UIButton+WebCache.m"; sourceTree = "<group>"; };
		A891F75116C3207500107F55 /* UIImageView+WebCache.h */ = {isa = PBXFileReference; fileEncoding = 4; lastKnownFileType = sourcecode.c.h; path = "UIImageView+WebCache.h"; sourceTree = "<group>"; };
		A891F75216C3207500107F55 /* UIImageView+WebCache.m */ = {isa = PBXFileReference; fileEncoding = 4; lastKnownFileType = sourcecode.c.objc; path = "UIImageView+WebCache.m"; sourceTree = "<group>"; };
		A891F75D16C320A100107F55 /* MapKit.framework */ = {isa = PBXFileReference; lastKnownFileType = wrapper.framework; name = MapKit.framework; path = System/Library/Frameworks/MapKit.framework; sourceTree = SDKROOT; };
/* End PBXFileReference section */

/* Begin PBXFrameworksBuildPhase section */
		A891F6B116C3138200107F55 /* Frameworks */ = {
			isa = PBXFrameworksBuildPhase;
			buildActionMask = 2147483647;
			files = (
				A891F75E16C320A100107F55 /* MapKit.framework in Frameworks */,
				A891F72B16C31F7A00107F55 /* ImageIO.framework in Frameworks */,
				A891F6B816C3138200107F55 /* UIKit.framework in Frameworks */,
				A891F6BA16C3138200107F55 /* Foundation.framework in Frameworks */,
				A891F6BC16C3138200107F55 /* CoreGraphics.framework in Frameworks */,
			);
			runOnlyForDeploymentPostprocessing = 0;
		};
/* End PBXFrameworksBuildPhase section */

/* Begin PBXGroup section */
		A891F6AB16C3138200107F55 = {
			isa = PBXGroup;
			children = (
				A891F6BD16C3138200107F55 /* CocoaheadsScrollingDemo */,
				A891F6B616C3138200107F55 /* Frameworks */,
				A891F6B516C3138200107F55 /* Products */,
				A891F6FD16C31D7D00107F55 /* lib */,
			);
			sourceTree = "<group>";
		};
		A891F6B516C3138200107F55 /* Products */ = {
			isa = PBXGroup;
			children = (
				A891F6B416C3138200107F55 /* CocoaheadsScrollingDemo.app */,
			);
			name = Products;
			sourceTree = "<group>";
		};
		A891F6B616C3138200107F55 /* Frameworks */ = {
			isa = PBXGroup;
			children = (
				A891F75D16C320A100107F55 /* MapKit.framework */,
				A891F72A16C31F7A00107F55 /* ImageIO.framework */,
				A891F6B716C3138200107F55 /* UIKit.framework */,
				A891F6B916C3138200107F55 /* Foundation.framework */,
				A891F6BB16C3138200107F55 /* CoreGraphics.framework */,
			);
			name = Frameworks;
			sourceTree = "<group>";
		};
		A891F6BD16C3138200107F55 /* CocoaheadsScrollingDemo */ = {
			isa = PBXGroup;
			children = (
				A891F6C616C3138200107F55 /* AppDelegate.h */,
				A891F6C716C3138200107F55 /* AppDelegate.m */,
				A891F6CF16C3138300107F55 /* MainStoryboard_iPhone.storyboard */,
				A891F6D216C3138300107F55 /* MainStoryboard_iPad.storyboard */,
				A891F6D516C3138300107F55 /* ViewController.h */,
				A891F6D616C3138300107F55 /* ViewController.m */,
				A891F6F816C3191400107F55 /* StatusTableViewCell.h */,
				A891F6F916C3191400107F55 /* StatusTableViewCell.m */,
				A891F6FB16C319B000107F55 /* StatusTableViewCell.xib */,
				A891F6BE16C3138200107F55 /* Supporting Files */,
			);
			path = CocoaheadsScrollingDemo;
			sourceTree = "<group>";
		};
		A891F6BE16C3138200107F55 /* Supporting Files */ = {
			isa = PBXGroup;
			children = (
				A83DCDC216C3378600940ACB /* paper_fibers.png */,
				A83DCDBD16C336B800940ACB /* paper_fibers@2x.png */,
				A891F6E916C315DC00107F55 /* feed.plist */,
				A891F6BF16C3138200107F55 /* CocoaheadsScrollingDemo-Info.plist */,
				A891F6C016C3138200107F55 /* InfoPlist.strings */,
				A891F6C316C3138200107F55 /* main.m */,
				A891F6C516C3138200107F55 /* CocoaheadsScrollingDemo-Prefix.pch */,
				A891F6C916C3138200107F55 /* Default.png */,
				A891F6CB16C3138200107F55 /* Default@2x.png */,
				A891F6CD16C3138300107F55 /* Default-568h@2x.png */,
			);
			name = "Supporting Files";
			sourceTree = "<group>";
		};
		A891F6FD16C31D7D00107F55 /* lib */ = {
			isa = PBXGroup;
			children = (
				A891F73D16C3207500107F55 /* SDWebImage */,
			);
			path = lib;
			sourceTree = "<group>";
		};
		A891F73D16C3207500107F55 /* SDWebImage */ = {
			isa = PBXGroup;
			children = (
				A891F73E16C3207500107F55 /* MKAnnotationView+WebCache.h */,
				A891F73F16C3207500107F55 /* MKAnnotationView+WebCache.m */,
				A891F74016C3207500107F55 /* SDImageCache.h */,
				A891F74116C3207500107F55 /* SDImageCache.m */,
				A891F74216C3207500107F55 /* SDWebImageCompat.h */,
				A891F74316C3207500107F55 /* SDWebImageCompat.m */,
				A891F74416C3207500107F55 /* SDWebImageDecoder.h */,
				A891F74516C3207500107F55 /* SDWebImageDecoder.m */,
				A891F74616C3207500107F55 /* SDWebImageDownloader.h */,
				A891F74716C3207500107F55 /* SDWebImageDownloader.m */,
				A891F74816C3207500107F55 /* SDWebImageDownloaderOperation.h */,
				A891F74916C3207500107F55 /* SDWebImageDownloaderOperation.m */,
				A891F74A16C3207500107F55 /* SDWebImageManager.h */,
				A891F74B16C3207500107F55 /* SDWebImageManager.m */,
				A891F74C16C3207500107F55 /* SDWebImageOperation.h */,
				A891F74D16C3207500107F55 /* SDWebImagePrefetcher.h */,
				A891F74E16C3207500107F55 /* SDWebImagePrefetcher.m */,
				A891F74F16C3207500107F55 /* UIButton+WebCache.h */,
				A891F75016C3207500107F55 /* UIButton+WebCache.m */,
				A891F75216C3207500107F55 /* UIImageView+WebCache.m */,
				A891F75116C3207500107F55 /* UIImageView+WebCache.h */,
			);
			name = SDWebImage;
			path = SDWebImage/SDWebImage;
			sourceTree = "<group>";
		};
/* End PBXGroup section */

/* Begin PBXNativeTarget section */
		A891F6B316C3138200107F55 /* CocoaheadsScrollingDemo */ = {
			isa = PBXNativeTarget;
			buildConfigurationList = A891F6DA16C3138300107F55 /* Build configuration list for PBXNativeTarget "CocoaheadsScrollingDemo" */;
			buildPhases = (
				A891F6B016C3138200107F55 /* Sources */,
				A891F6B116C3138200107F55 /* Frameworks */,
				A891F6B216C3138200107F55 /* Resources */,
			);
			buildRules = (
			);
			dependencies = (
			);
			name = CocoaheadsScrollingDemo;
			productName = CocoaheadsScrollingDemo;
			productReference = A891F6B416C3138200107F55 /* CocoaheadsScrollingDemo.app */;
			productType = "com.apple.product-type.application";
		};
/* End PBXNativeTarget section */

/* Begin PBXProject section */
		A891F6AC16C3138200107F55 /* Project object */ = {
			isa = PBXProject;
			attributes = {
				LastUpgradeCheck = 0460;
				ORGANIZATIONNAME = "Itty Bitty Apps";
			};
			buildConfigurationList = A891F6AF16C3138200107F55 /* Build configuration list for PBXProject "CocoaheadsScrollingDemo" */;
			compatibilityVersion = "Xcode 3.2";
			developmentRegion = English;
			hasScannedForEncodings = 0;
			knownRegions = (
				en,
			);
			mainGroup = A891F6AB16C3138200107F55;
			productRefGroup = A891F6B516C3138200107F55 /* Products */;
			projectDirPath = "";
			projectRoot = "";
			targets = (
				A891F6B316C3138200107F55 /* CocoaheadsScrollingDemo */,
			);
		};
/* End PBXProject section */

/* Begin PBXResourcesBuildPhase section */
		A891F6B216C3138200107F55 /* Resources */ = {
			isa = PBXResourcesBuildPhase;
			buildActionMask = 2147483647;
			files = (
				A891F6C216C3138200107F55 /* InfoPlist.strings in Resources */,
				A891F6CA16C3138200107F55 /* Default.png in Resources */,
				A891F6CC16C3138300107F55 /* Default@2x.png in Resources */,
				A891F6CE16C3138300107F55 /* Default-568h@2x.png in Resources */,
				A891F6D116C3138300107F55 /* MainStoryboard_iPhone.storyboard in Resources */,
				A891F6D416C3138300107F55 /* MainStoryboard_iPad.storyboard in Resources */,
				A891F6EA16C315DC00107F55 /* feed.plist in Resources */,
				A891F6FC16C319B000107F55 /* StatusTableViewCell.xib in Resources */,
				A83DCDC116C336B800940ACB /* paper_fibers@2x.png in Resources */,
				A83DCDC316C3378600940ACB /* paper_fibers.png in Resources */,
			);
			runOnlyForDeploymentPostprocessing = 0;
		};
/* End PBXResourcesBuildPhase section */

/* Begin PBXSourcesBuildPhase section */
		A891F6B016C3138200107F55 /* Sources */ = {
			isa = PBXSourcesBuildPhase;
			buildActionMask = 2147483647;
			files = (
				A891F6C416C3138200107F55 /* main.m in Sources */,
				A891F6C816C3138200107F55 /* AppDelegate.m in Sources */,
				A891F6D716C3138300107F55 /* ViewController.m in Sources */,
				A891F6FA16C3191400107F55 /* StatusTableViewCell.m in Sources */,
				A891F75316C3207500107F55 /* MKAnnotationView+WebCache.m in Sources */,
				A891F75416C3207500107F55 /* SDImageCache.m in Sources */,
				A891F75516C3207500107F55 /* SDWebImageCompat.m in Sources */,
				A891F75616C3207500107F55 /* SDWebImageDecoder.m in Sources */,
				A891F75716C3207500107F55 /* SDWebImageDownloader.m in Sources */,
				A891F75816C3207500107F55 /* SDWebImageDownloaderOperation.m in Sources */,
				A891F75916C3207500107F55 /* SDWebImageManager.m in Sources */,
				A891F75A16C3207500107F55 /* SDWebImagePrefetcher.m in Sources */,
				A891F75B16C3207500107F55 /* UIButton+WebCache.m in Sources */,
				A891F75C16C3207500107F55 /* UIImageView+WebCache.m in Sources */,
			);
			runOnlyForDeploymentPostprocessing = 0;
		};
/* End PBXSourcesBuildPhase section */

/* Begin PBXVariantGroup section */
		A891F6C016C3138200107F55 /* InfoPlist.strings */ = {
			isa = PBXVariantGroup;
			children = (
				A891F6C116C3138200107F55 /* en */,
			);
			name = InfoPlist.strings;
			sourceTree = "<group>";
		};
		A891F6CF16C3138300107F55 /* MainStoryboard_iPhone.storyboard */ = {
			isa = PBXVariantGroup;
			children = (
				A891F6D016C3138300107F55 /* en */,
			);
			name = MainStoryboard_iPhone.storyboard;
			sourceTree = "<group>";
		};
		A891F6D216C3138300107F55 /* MainStoryboard_iPad.storyboard */ = {
			isa = PBXVariantGroup;
			children = (
				A891F6D316C3138300107F55 /* en */,
			);
			name = MainStoryboard_iPad.storyboard;
			sourceTree = "<group>";
		};
/* End PBXVariantGroup section */

/* Begin XCBuildConfiguration section */
		A891F6D816C3138300107F55 /* Debug */ = {
			isa = XCBuildConfiguration;
			buildSettings = {
				ALWAYS_SEARCH_USER_PATHS = NO;
				CLANG_CXX_LANGUAGE_STANDARD = "gnu++0x";
				CLANG_CXX_LIBRARY = "libc++";
				CLANG_ENABLE_OBJC_ARC = YES;
				CLANG_WARN_CONSTANT_CONVERSION = YES;
				CLANG_WARN_EMPTY_BODY = YES;
				CLANG_WARN_ENUM_CONVERSION = YES;
				CLANG_WARN_INT_CONVERSION = YES;
				CLANG_WARN__DUPLICATE_METHOD_MATCH = YES;
				"CODE_SIGN_IDENTITY[sdk=iphoneos*]" = "iPhone Developer";
				COPY_PHASE_STRIP = NO;
				GCC_C_LANGUAGE_STANDARD = gnu99;
				GCC_DYNAMIC_NO_PIC = NO;
				GCC_OPTIMIZATION_LEVEL = 0;
				GCC_PREPROCESSOR_DEFINITIONS = (
					"DEBUG=1",
					"$(inherited)",
				);
				GCC_SYMBOLS_PRIVATE_EXTERN = NO;
				GCC_WARN_ABOUT_RETURN_TYPE = YES;
				GCC_WARN_UNINITIALIZED_AUTOS = YES;
				GCC_WARN_UNUSED_VARIABLE = YES;
				IPHONEOS_DEPLOYMENT_TARGET = 6.1;
				ONLY_ACTIVE_ARCH = YES;
				SDKROOT = iphoneos;
				TARGETED_DEVICE_FAMILY = "1,2";
			};
			name = Debug;
		};
		A891F6D916C3138300107F55 /* Release */ = {
			isa = XCBuildConfiguration;
			buildSettings = {
				ALWAYS_SEARCH_USER_PATHS = NO;
				CLANG_CXX_LANGUAGE_STANDARD = "gnu++0x";
				CLANG_CXX_LIBRARY = "libc++";
				CLANG_ENABLE_OBJC_ARC = YES;
				CLANG_WARN_CONSTANT_CONVERSION = YES;
				CLANG_WARN_EMPTY_BODY = YES;
				CLANG_WARN_ENUM_CONVERSION = YES;
				CLANG_WARN_INT_CONVERSION = YES;
				CLANG_WARN__DUPLICATE_METHOD_MATCH = YES;
				"CODE_SIGN_IDENTITY[sdk=iphoneos*]" = "iPhone Developer";
				COPY_PHASE_STRIP = YES;
				GCC_C_LANGUAGE_STANDARD = gnu99;
				GCC_WARN_ABOUT_RETURN_TYPE = YES;
				GCC_WARN_UNINITIALIZED_AUTOS = YES;
				GCC_WARN_UNUSED_VARIABLE = YES;
				IPHONEOS_DEPLOYMENT_TARGET = 6.1;
				OTHER_CFLAGS = "-DNS_BLOCK_ASSERTIONS=1";
				SDKROOT = iphoneos;
				TARGETED_DEVICE_FAMILY = "1,2";
				VALIDATE_PRODUCT = YES;
			};
			name = Release;
		};
		A891F6DB16C3138300107F55 /* Debug */ = {
			isa = XCBuildConfiguration;
			buildSettings = {
				CODE_SIGN_IDENTITY = "iPhone Developer";
				GCC_PRECOMPILE_PREFIX_HEADER = YES;
				GCC_PREFIX_HEADER = "CocoaheadsScrollingDemo/CocoaheadsScrollingDemo-Prefix.pch";
				INFOPLIST_FILE = "CocoaheadsScrollingDemo/CocoaheadsScrollingDemo-Info.plist";
				PRODUCT_NAME = "$(TARGET_NAME)";
				PROVISIONING_PROFILE = "";
				WRAPPER_EXTENSION = app;
			};
			name = Debug;
		};
		A891F6DC16C3138300107F55 /* Release */ = {
			isa = XCBuildConfiguration;
			buildSettings = {
				CODE_SIGN_IDENTITY = "iPhone Developer";
				GCC_PRECOMPILE_PREFIX_HEADER = YES;
				GCC_PREFIX_HEADER = "CocoaheadsScrollingDemo/CocoaheadsScrollingDemo-Prefix.pch";
				INFOPLIST_FILE = "CocoaheadsScrollingDemo/CocoaheadsScrollingDemo-Info.plist";
				PRODUCT_NAME = "$(TARGET_NAME)";
				PROVISIONING_PROFILE = "";
				WRAPPER_EXTENSION = app;
			};
			name = Release;
		};
/* End XCBuildConfiguration section */

/* Begin XCConfigurationList section */
		A891F6AF16C3138200107F55 /* Build configuration list for PBXProject "CocoaheadsScrollingDemo" */ = {
			isa = XCConfigurationList;
			buildConfigurations = (
				A891F6D816C3138300107F55 /* Debug */,
				A891F6D916C3138300107F55 /* Release */,
			);
			defaultConfigurationIsVisible = 0;
			defaultConfigurationName = Release;
		};
		A891F6DA16C3138300107F55 /* Build configuration list for PBXNativeTarget "CocoaheadsScrollingDemo" */ = {
			isa = XCConfigurationList;
			buildConfigurations = (
				A891F6DB16C3138300107F55 /* Debug */,
				A891F6DC16C3138300107F55 /* Release */,
			);
			defaultConfigurationIsVisible = 0;
			defaultConfigurationName = Release;
		};
/* End XCConfigurationList section */
	};
	rootObject = A891F6AC16C3138200107F55 /* Project object */;
}
